Microsoft Visual Studio Solution File, Format Version 12.00
# Visual Studio Version 16
VisualStudioVersion = 16.0.29519.87
MinimumVisualStudioVersion = 10.0.40219.1
Project("{9A19103F-16F7-4668-BE54-9A1E7A4F7556}") = "Zizi.Bot", "Zizi.Bot\Zizi.Bot.csproj", "{07FCA677-7F76-42B7-8C1D-DA47BCD9F360}"
EndProject
Project("{9A19103F-16F7-4668-BE54-9A1E7A4F7556}") = "WinTenDev.WebHook", "WinTenDev.WebHook\WinTenDev.WebHook.csproj", "{B495ECAA-0A5A-4458-B82C-48AA7DFFCEBA}"
EndProject
Project("{9A19103F-16F7-4668-BE54-9A1E7A4F7556}") = "WinTenDev.WebApi", "WinTenDev.WebApi\WinTenDev.WebApi.csproj", "{B913A17B-1C14-47DB-8284-B61EC2C0151B}"
EndProject
Project("{9A19103F-16F7-4668-BE54-9A1E7A4F7556}") = "WinTenDev.WebPortal", "WinTenDev.WebPortal\WinTenDev.WebPortal.csproj", "{74B777B9-764C-4192-9896-74667D1701A3}"
EndProject
Project("{9A19103F-16F7-4668-BE54-9A1E7A4F7556}") = "Zizi.Core", "Zizi.Core\Zizi.Core.csproj", "{6BDF1EED-884B-4341-B103-738364252BE8}"
EndProject
Project("{9A19103F-16F7-4668-BE54-9A1E7A4F7556}") = "WinTenDev.Mirror.Host", "WinTenDev.Mirror.Host\WinTenDev.Mirror.Host.csproj", "{9A7D4E70-3CEF-4C20-80EF-AAF8E6FD3E79}"
EndProject
Project("{E53339B2-1760-4266-BCC7-CA923CBCF16C}") = "docker-compose_zizi-bot", "docker-compose_zizi-bot.dcproj", "{C13D3E3B-938B-4CD9-9827-4967DE1376CB}"
EndProject
Project("{2150E333-8FDC-42A3-9474-1A3956D46DE8}") = "Solution Items", "Solution Items", "{93D0AC65-D0BE-4A72-998F-B6B491316DF0}"
	ProjectSection(SolutionItems) = preProject
		.editorconfig = .editorconfig
	EndProjectSection
EndProject
Project("{9A19103F-16F7-4668-BE54-9A1E7A4F7556}") = "WinTenDev.ZiziBot.Utils", "WinTenDev.ZiziBot.Utils\WinTenDev.ZiziBot.Utils.csproj", "{199D8F37-8120-4B94-A1DB-9EA044ECBC8A}"
EndProject
Project("{FAE04EC0-301F-11D3-BF4B-00C04F79EFBC}") = "WinTenDev.Commons", "WinTenDev.Commons\WinTenDev.Commons.csproj", "{199D8F37-8120-4B94-A1DB-9EA044ECBC8A}"
EndProject
Project("{FAE04EC0-301F-11D3-BF4B-00C04F79EFBC}") = "WinTenDev.Models", "WinTenDev.Models\WinTenDev.Models.csproj", "{302B4806-7C82-4CBC-B264-ADD6C98A4ADF}"
EndProject
Global
	GlobalSection(SolutionConfigurationPlatforms) = preSolution
		Debug|Any CPU = Debug|Any CPU
		Release|Any CPU = Release|Any CPU
	EndGlobalSection
	GlobalSection(ProjectConfigurationPlatforms) = postSolution
		{07FCA677-7F76-42B7-8C1D-DA47BCD9F360}.Debug|Any CPU.ActiveCfg = Debug|Any CPU
		{07FCA677-7F76-42B7-8C1D-DA47BCD9F360}.Debug|Any CPU.Build.0 = Debug|Any CPU
		{07FCA677-7F76-42B7-8C1D-DA47BCD9F360}.Release|Any CPU.ActiveCfg = Release|Any CPU
		{07FCA677-7F76-42B7-8C1D-DA47BCD9F360}.Release|Any CPU.Build.0 = Release|Any CPU
		{B495ECAA-0A5A-4458-B82C-48AA7DFFCEBA}.Debug|Any CPU.ActiveCfg = Debug|Any CPU
		{B495ECAA-0A5A-4458-B82C-48AA7DFFCEBA}.Debug|Any CPU.Build.0 = Debug|Any CPU
		{B495ECAA-0A5A-4458-B82C-48AA7DFFCEBA}.Release|Any CPU.ActiveCfg = Release|Any CPU
		{B495ECAA-0A5A-4458-B82C-48AA7DFFCEBA}.Release|Any CPU.Build.0 = Release|Any CPU
		{B913A17B-1C14-47DB-8284-B61EC2C0151B}.Debug|Any CPU.ActiveCfg = Debug|Any CPU
		{B913A17B-1C14-47DB-8284-B61EC2C0151B}.Debug|Any CPU.Build.0 = Debug|Any CPU
		{B913A17B-1C14-47DB-8284-B61EC2C0151B}.Release|Any CPU.ActiveCfg = Release|Any CPU
		{B913A17B-1C14-47DB-8284-B61EC2C0151B}.Release|Any CPU.Build.0 = Release|Any CPU
		{74B777B9-764C-4192-9896-74667D1701A3}.Debug|Any CPU.ActiveCfg = Debug|Any CPU
		{74B777B9-764C-4192-9896-74667D1701A3}.Debug|Any CPU.Build.0 = Debug|Any CPU
		{74B777B9-764C-4192-9896-74667D1701A3}.Release|Any CPU.ActiveCfg = Release|Any CPU
		{74B777B9-764C-4192-9896-74667D1701A3}.Release|Any CPU.Build.0 = Release|Any CPU
		{6BDF1EED-884B-4341-B103-738364252BE8}.Debug|Any CPU.ActiveCfg = Debug|Any CPU
		{6BDF1EED-884B-4341-B103-738364252BE8}.Debug|Any CPU.Build.0 = Debug|Any CPU
		{6BDF1EED-884B-4341-B103-738364252BE8}.Release|Any CPU.ActiveCfg = Release|Any CPU
		{6BDF1EED-884B-4341-B103-738364252BE8}.Release|Any CPU.Build.0 = Release|Any CPU
		{9A7D4E70-3CEF-4C20-80EF-AAF8E6FD3E79}.Debug|Any CPU.ActiveCfg = Debug|Any CPU
		{9A7D4E70-3CEF-4C20-80EF-AAF8E6FD3E79}.Debug|Any CPU.Build.0 = Debug|Any CPU
		{9A7D4E70-3CEF-4C20-80EF-AAF8E6FD3E79}.Release|Any CPU.ActiveCfg = Release|Any CPU
		{9A7D4E70-3CEF-4C20-80EF-AAF8E6FD3E79}.Release|Any CPU.Build.0 = Release|Any CPU
		{C13D3E3B-938B-4CD9-9827-4967DE1376CB}.Debug|Any CPU.ActiveCfg = Debug|Any CPU
		{C13D3E3B-938B-4CD9-9827-4967DE1376CB}.Debug|Any CPU.Build.0 = Debug|Any CPU
		{C13D3E3B-938B-4CD9-9827-4967DE1376CB}.Release|Any CPU.ActiveCfg = Release|Any CPU
		{C13D3E3B-938B-4CD9-9827-4967DE1376CB}.Release|Any CPU.Build.0 = Release|Any CPU
		{199D8F37-8120-4B94-A1DB-9EA044ECBC8A}.Debug|Any CPU.ActiveCfg = Debug|Any CPU
		{199D8F37-8120-4B94-A1DB-9EA044ECBC8A}.Debug|Any CPU.Build.0 = Debug|Any CPU
		{199D8F37-8120-4B94-A1DB-9EA044ECBC8A}.Release|Any CPU.ActiveCfg = Release|Any CPU
		{199D8F37-8120-4B94-A1DB-9EA044ECBC8A}.Release|Any CPU.Build.0 = Release|Any CPU
		{302B4806-7C82-4CBC-B264-ADD6C98A4ADF}.Debug|Any CPU.ActiveCfg = Debug|Any CPU
		{302B4806-7C82-4CBC-B264-ADD6C98A4ADF}.Debug|Any CPU.Build.0 = Debug|Any CPU
		{302B4806-7C82-4CBC-B264-ADD6C98A4ADF}.Release|Any CPU.ActiveCfg = Release|Any CPU
		{302B4806-7C82-4CBC-B264-ADD6C98A4ADF}.Release|Any CPU.Build.0 = Release|Any CPU
	EndGlobalSection
	GlobalSection(SolutionProperties) = preSolution
		HideSolutionNode = FALSE
	EndGlobalSection
	GlobalSection(ExtensibilityGlobals) = postSolution
		RESX_ShowPerformanceTraces = True
		SolutionGuid = {AFE8345E-016B-4B6D-A95A-3D62AEF8BA8A}
	EndGlobalSection
EndGlobal
